
Microsoft Visual Studio Solution File, Format Version 12.00
# Visual Studio Version 17
VisualStudioVersion = 17.3.32901.215
MinimumVisualStudioVersion = 10.0.40219.1
Project("{8BC9CEB8-8B4A-11D0-8D11-00A0C91BC942}") = "Triangle_1", "Homework\Homework.vcxproj", "{8EDCF9B4-6155-452E-8BD4-4966BA5CA5F4}"
EndProject
Project("{8BC9CEB8-8B4A-11D0-8D11-00A0C91BC942}") = "Sequence_1", "Sequence_1\Sequence_1.vcxproj", "{388CE367-0213-4147-B0B9-165028C0503C}"
EndProject
Project("{8BC9CEB8-8B4A-11D0-8D11-00A0C91BC942}") = "PrintPicture_1", "PrintPicture_1\PrintPicture_1.vcxproj", "{98A3522B-75F6-4990-8D21-F72BEB44C25D}"
EndProject
Project("{8BC9CEB8-8B4A-11D0-8D11-00A0C91BC942}") = "CubeVolumeSquare_1", "CubeVolumeSquare_1\CubeVolumeSquare_1.vcxproj", "{C74CCA69-E18A-416A-B58B-A3C1B1388C3C}"
EndProject
Project("{8BC9CEB8-8B4A-11D0-8D11-00A0C91BC942}") = "ActionsWitnIntegers_1", "ActionsWitnIntegers_1\ActionsWitnIntegers_1.vcxproj", "{2CAE58DE-8226-4A6F-B73F-CBF90B26E040}"
EndProject
Project("{8BC9CEB8-8B4A-11D0-8D11-00A0C91BC942}") = "PsevdoCode_2", "PsevdoCode_2\PsevdoCode_2.vcxproj", "{A03EB2B1-13EE-4EE6-A81E-E75A115066FD}"
EndProject
Project("{8BC9CEB8-8B4A-11D0-8D11-00A0C91BC942}") = "Mistake_2", "Mistake_2\Mistake_2.vcxproj", "{0C62F160-A966-45E2-995D-A3C6033B3F02}"
EndProject
Project("{8BC9CEB8-8B4A-11D0-8D11-00A0C91BC942}") = "StudentsScore_2", "StudentsScore_2\StudentsScore_2.vcxproj", "{20DE22CA-EFE7-4EE1-921C-BDA752D61E13}"
EndProject
Project("{8BC9CEB8-8B4A-11D0-8D11-00A0C91BC942}") = "RepeatProgram_3", "RepeatProgram_3\RepeatProgram_3.vcxproj", "{C2AC1CA7-84FF-4FCC-9C8D-44BF6FF76D1D}"
EndProject
Project("{8BC9CEB8-8B4A-11D0-8D11-00A0C91BC942}") = "SquareOfNumbers_3", "SquareOfNumbers_3\SquareOfNumbers_3.vcxproj", "{90EF5222-72FF-4B71-AB32-1ADCD55AB16B}"
EndProject
Project("{8BC9CEB8-8B4A-11D0-8D11-00A0C91BC942}") = "LocalMin_4", "LocalMin_4\LocalMin_4.vcxproj", "{6E7F3ABF-C2FE-4CD5-BCA5-08C018B5CE1D}"
EndProject
Project("{8BC9CEB8-8B4A-11D0-8D11-00A0C91BC942}") = "LocalMax_4", "LocalMax_4\LocalMax_4.vcxproj", "{6FDA6735-1659-4A5C-982D-ADBDBAB4A9F4}"
EndProject
Project("{8BC9CEB8-8B4A-11D0-8D11-00A0C91BC942}") = "MenuOfStrings_4", "MenuOfStrings_4\MenuOfStrings_4.vcxproj", "{A6FC2D25-6A1A-433C-9AC3-D2A928B3EA91}"
EndProject
Project("{8BC9CEB8-8B4A-11D0-8D11-00A0C91BC942}") = "SortMassFunction_4", "SortMassFunction_4\SortMassFunction_4.vcxproj", "{E1642332-E295-4A88-845E-A4A96C9CA075}"
EndProject
Project("{8BC9CEB8-8B4A-11D0-8D11-00A0C91BC942}") = "StringStatistic_4", "StringStatistic_4\StringStatistic_4.vcxproj", "{F7724EFE-A410-4687-A2DB-C214088857A4}"
EndProject
Global
	GlobalSection(SolutionConfigurationPlatforms) = preSolution
		Debug|x64 = Debug|x64
		Debug|x86 = Debug|x86
		Release|x64 = Release|x64
		Release|x86 = Release|x86
	EndGlobalSection
	GlobalSection(ProjectConfigurationPlatforms) = postSolution
		{8EDCF9B4-6155-452E-8BD4-4966BA5CA5F4}.Debug|x64.ActiveCfg = Debug|x64
		{8EDCF9B4-6155-452E-8BD4-4966BA5CA5F4}.Debug|x64.Build.0 = Debug|x64
		{8EDCF9B4-6155-452E-8BD4-4966BA5CA5F4}.Debug|x86.ActiveCfg = Debug|Win32
		{8EDCF9B4-6155-452E-8BD4-4966BA5CA5F4}.Debug|x86.Build.0 = Debug|Win32
		{8EDCF9B4-6155-452E-8BD4-4966BA5CA5F4}.Release|x64.ActiveCfg = Release|x64
		{8EDCF9B4-6155-452E-8BD4-4966BA5CA5F4}.Release|x64.Build.0 = Release|x64
		{8EDCF9B4-6155-452E-8BD4-4966BA5CA5F4}.Release|x86.ActiveCfg = Release|Win32
		{8EDCF9B4-6155-452E-8BD4-4966BA5CA5F4}.Release|x86.Build.0 = Release|Win32
		{388CE367-0213-4147-B0B9-165028C0503C}.Debug|x64.ActiveCfg = Debug|x64
		{388CE367-0213-4147-B0B9-165028C0503C}.Debug|x64.Build.0 = Debug|x64
		{388CE367-0213-4147-B0B9-165028C0503C}.Debug|x86.ActiveCfg = Debug|Win32
		{388CE367-0213-4147-B0B9-165028C0503C}.Debug|x86.Build.0 = Debug|Win32
		{388CE367-0213-4147-B0B9-165028C0503C}.Release|x64.ActiveCfg = Release|x64
		{388CE367-0213-4147-B0B9-165028C0503C}.Release|x64.Build.0 = Release|x64
		{388CE367-0213-4147-B0B9-165028C0503C}.Release|x86.ActiveCfg = Release|Win32
		{388CE367-0213-4147-B0B9-165028C0503C}.Release|x86.Build.0 = Release|Win32
		{98A3522B-75F6-4990-8D21-F72BEB44C25D}.Debug|x64.ActiveCfg = Debug|x64
		{98A3522B-75F6-4990-8D21-F72BEB44C25D}.Debug|x64.Build.0 = Debug|x64
		{98A3522B-75F6-4990-8D21-F72BEB44C25D}.Debug|x86.ActiveCfg = Debug|Win32
		{98A3522B-75F6-4990-8D21-F72BEB44C25D}.Debug|x86.Build.0 = Debug|Win32
		{98A3522B-75F6-4990-8D21-F72BEB44C25D}.Release|x64.ActiveCfg = Release|x64
		{98A3522B-75F6-4990-8D21-F72BEB44C25D}.Release|x64.Build.0 = Release|x64
		{98A3522B-75F6-4990-8D21-F72BEB44C25D}.Release|x86.ActiveCfg = Release|Win32
		{98A3522B-75F6-4990-8D21-F72BEB44C25D}.Release|x86.Build.0 = Release|Win32
		{C74CCA69-E18A-416A-B58B-A3C1B1388C3C}.Debug|x64.ActiveCfg = Debug|x64
		{C74CCA69-E18A-416A-B58B-A3C1B1388C3C}.Debug|x64.Build.0 = Debug|x64
		{C74CCA69-E18A-416A-B58B-A3C1B1388C3C}.Debug|x86.ActiveCfg = Debug|Win32
		{C74CCA69-E18A-416A-B58B-A3C1B1388C3C}.Debug|x86.Build.0 = Debug|Win32
		{C74CCA69-E18A-416A-B58B-A3C1B1388C3C}.Release|x64.ActiveCfg = Release|x64
		{C74CCA69-E18A-416A-B58B-A3C1B1388C3C}.Release|x64.Build.0 = Release|x64
		{C74CCA69-E18A-416A-B58B-A3C1B1388C3C}.Release|x86.ActiveCfg = Release|Win32
		{C74CCA69-E18A-416A-B58B-A3C1B1388C3C}.Release|x86.Build.0 = Release|Win32
		{2CAE58DE-8226-4A6F-B73F-CBF90B26E040}.Debug|x64.ActiveCfg = Debug|x64
		{2CAE58DE-8226-4A6F-B73F-CBF90B26E040}.Debug|x64.Build.0 = Debug|x64
		{2CAE58DE-8226-4A6F-B73F-CBF90B26E040}.Debug|x86.ActiveCfg = Debug|Win32
		{2CAE58DE-8226-4A6F-B73F-CBF90B26E040}.Debug|x86.Build.0 = Debug|Win32
		{2CAE58DE-8226-4A6F-B73F-CBF90B26E040}.Release|x64.ActiveCfg = Release|x64
		{2CAE58DE-8226-4A6F-B73F-CBF90B26E040}.Release|x64.Build.0 = Release|x64
		{2CAE58DE-8226-4A6F-B73F-CBF90B26E040}.Release|x86.ActiveCfg = Release|Win32
		{2CAE58DE-8226-4A6F-B73F-CBF90B26E040}.Release|x86.Build.0 = Release|Win32
		{A03EB2B1-13EE-4EE6-A81E-E75A115066FD}.Debug|x64.ActiveCfg = Debug|x64
		{A03EB2B1-13EE-4EE6-A81E-E75A115066FD}.Debug|x64.Build.0 = Debug|x64
		{A03EB2B1-13EE-4EE6-A81E-E75A115066FD}.Debug|x86.ActiveCfg = Debug|Win32
		{A03EB2B1-13EE-4EE6-A81E-E75A115066FD}.Debug|x86.Build.0 = Debug|Win32
		{A03EB2B1-13EE-4EE6-A81E-E75A115066FD}.Release|x64.ActiveCfg = Release|x64
		{A03EB2B1-13EE-4EE6-A81E-E75A115066FD}.Release|x64.Build.0 = Release|x64
		{A03EB2B1-13EE-4EE6-A81E-E75A115066FD}.Release|x86.ActiveCfg = Release|Win32
		{A03EB2B1-13EE-4EE6-A81E-E75A115066FD}.Release|x86.Build.0 = Release|Win32
		{0C62F160-A966-45E2-995D-A3C6033B3F02}.Debug|x64.ActiveCfg = Debug|x64
		{0C62F160-A966-45E2-995D-A3C6033B3F02}.Debug|x64.Build.0 = Debug|x64
		{0C62F160-A966-45E2-995D-A3C6033B3F02}.Debug|x86.ActiveCfg = Debug|Win32
		{0C62F160-A966-45E2-995D-A3C6033B3F02}.Debug|x86.Build.0 = Debug|Win32
		{0C62F160-A966-45E2-995D-A3C6033B3F02}.Release|x64.ActiveCfg = Release|x64
		{0C62F160-A966-45E2-995D-A3C6033B3F02}.Release|x64.Build.0 = Release|x64
		{0C62F160-A966-45E2-995D-A3C6033B3F02}.Release|x86.ActiveCfg = Release|Win32
		{0C62F160-A966-45E2-995D-A3C6033B3F02}.Release|x86.Build.0 = Release|Win32
		{20DE22CA-EFE7-4EE1-921C-BDA752D61E13}.Debug|x64.ActiveCfg = Debug|x64
		{20DE22CA-EFE7-4EE1-921C-BDA752D61E13}.Debug|x64.Build.0 = Debug|x64
		{20DE22CA-EFE7-4EE1-921C-BDA752D61E13}.Debug|x86.ActiveCfg = Debug|Win32
		{20DE22CA-EFE7-4EE1-921C-BDA752D61E13}.Debug|x86.Build.0 = Debug|Win32
		{20DE22CA-EFE7-4EE1-921C-BDA752D61E13}.Release|x64.ActiveCfg = Release|x64
		{20DE22CA-EFE7-4EE1-921C-BDA752D61E13}.Release|x64.Build.0 = Release|x64
		{20DE22CA-EFE7-4EE1-921C-BDA752D61E13}.Release|x86.ActiveCfg = Release|Win32
		{20DE22CA-EFE7-4EE1-921C-BDA752D61E13}.Release|x86.Build.0 = Release|Win32
		{C2AC1CA7-84FF-4FCC-9C8D-44BF6FF76D1D}.Debug|x64.ActiveCfg = Debug|x64
		{C2AC1CA7-84FF-4FCC-9C8D-44BF6FF76D1D}.Debug|x64.Build.0 = Debug|x64
		{C2AC1CA7-84FF-4FCC-9C8D-44BF6FF76D1D}.Debug|x86.ActiveCfg = Debug|Win32
		{C2AC1CA7-84FF-4FCC-9C8D-44BF6FF76D1D}.Debug|x86.Build.0 = Debug|Win32
		{C2AC1CA7-84FF-4FCC-9C8D-44BF6FF76D1D}.Release|x64.ActiveCfg = Release|x64
		{C2AC1CA7-84FF-4FCC-9C8D-44BF6FF76D1D}.Release|x64.Build.0 = Release|x64
		{C2AC1CA7-84FF-4FCC-9C8D-44BF6FF76D1D}.Release|x86.ActiveCfg = Release|Win32
		{C2AC1CA7-84FF-4FCC-9C8D-44BF6FF76D1D}.Release|x86.Build.0 = Release|Win32
		{90EF5222-72FF-4B71-AB32-1ADCD55AB16B}.Debug|x64.ActiveCfg = Debug|x64
		{90EF5222-72FF-4B71-AB32-1ADCD55AB16B}.Debug|x64.Build.0 = Debug|x64
		{90EF5222-72FF-4B71-AB32-1ADCD55AB16B}.Debug|x86.ActiveCfg = Debug|Win32
		{90EF5222-72FF-4B71-AB32-1ADCD55AB16B}.Debug|x86.Build.0 = Debug|Win32
		{90EF5222-72FF-4B71-AB32-1ADCD55AB16B}.Release|x64.ActiveCfg = Release|x64
		{90EF5222-72FF-4B71-AB32-1ADCD55AB16B}.Release|x64.Build.0 = Release|x64
		{90EF5222-72FF-4B71-AB32-1ADCD55AB16B}.Release|x86.ActiveCfg = Release|Win32
		{90EF5222-72FF-4B71-AB32-1ADCD55AB16B}.Release|x86.Build.0 = Release|Win32
		{6E7F3ABF-C2FE-4CD5-BCA5-08C018B5CE1D}.Debug|x64.ActiveCfg = Debug|x64
		{6E7F3ABF-C2FE-4CD5-BCA5-08C018B5CE1D}.Debug|x64.Build.0 = Debug|x64
		{6E7F3ABF-C2FE-4CD5-BCA5-08C018B5CE1D}.Debug|x86.ActiveCfg = Debug|Win32
		{6E7F3ABF-C2FE-4CD5-BCA5-08C018B5CE1D}.Debug|x86.Build.0 = Debug|Win32
		{6E7F3ABF-C2FE-4CD5-BCA5-08C018B5CE1D}.Release|x64.ActiveCfg = Release|x64
		{6E7F3ABF-C2FE-4CD5-BCA5-08C018B5CE1D}.Release|x64.Build.0 = Release|x64
		{6E7F3ABF-C2FE-4CD5-BCA5-08C018B5CE1D}.Release|x86.ActiveCfg = Release|Win32
		{6E7F3ABF-C2FE-4CD5-BCA5-08C018B5CE1D}.Release|x86.Build.0 = Release|Win32
		{6FDA6735-1659-4A5C-982D-ADBDBAB4A9F4}.Debug|x64.ActiveCfg = Debug|x64
		{6FDA6735-1659-4A5C-982D-ADBDBAB4A9F4}.Debug|x64.Build.0 = Debug|x64
		{6FDA6735-1659-4A5C-982D-ADBDBAB4A9F4}.Debug|x86.ActiveCfg = Debug|Win32
		{6FDA6735-1659-4A5C-982D-ADBDBAB4A9F4}.Debug|x86.Build.0 = Debug|Win32
		{6FDA6735-1659-4A5C-982D-ADBDBAB4A9F4}.Release|x64.ActiveCfg = Release|x64
		{6FDA6735-1659-4A5C-982D-ADBDBAB4A9F4}.Release|x64.Build.0 = Release|x64
		{6FDA6735-1659-4A5C-982D-ADBDBAB4A9F4}.Release|x86.ActiveCfg = Release|Win32
		{6FDA6735-1659-4A5C-982D-ADBDBAB4A9F4}.Release|x86.Build.0 = Release|Win32
		{A6FC2D25-6A1A-433C-9AC3-D2A928B3EA91}.Debug|x64.ActiveCfg = Debug|x64
		{A6FC2D25-6A1A-433C-9AC3-D2A928B3EA91}.Debug|x64.Build.0 = Debug|x64
		{A6FC2D25-6A1A-433C-9AC3-D2A928B3EA91}.Debug|x86.ActiveCfg = Debug|Win32
		{A6FC2D25-6A1A-433C-9AC3-D2A928B3EA91}.Debug|x86.Build.0 = Debug|Win32
		{A6FC2D25-6A1A-433C-9AC3-D2A928B3EA91}.Release|x64.ActiveCfg = Release|x64
		{A6FC2D25-6A1A-433C-9AC3-D2A928B3EA91}.Release|x64.Build.0 = Release|x64
		{A6FC2D25-6A1A-433C-9AC3-D2A928B3EA91}.Release|x86.ActiveCfg = Release|Win32
		{A6FC2D25-6A1A-433C-9AC3-D2A928B3EA91}.Release|x86.Build.0 = Release|Win32
		{E1642332-E295-4A88-845E-A4A96C9CA075}.Debug|x64.ActiveCfg = Debug|x64
		{E1642332-E295-4A88-845E-A4A96C9CA075}.Debug|x64.Build.0 = Debug|x64
		{E1642332-E295-4A88-845E-A4A96C9CA075}.Debug|x86.ActiveCfg = Debug|Win32
		{E1642332-E295-4A88-845E-A4A96C9CA075}.Debug|x86.Build.0 = Debug|Win32
		{E1642332-E295-4A88-845E-A4A96C9CA075}.Release|x64.ActiveCfg = Release|x64
		{E1642332-E295-4A88-845E-A4A96C9CA075}.Release|x64.Build.0 = Release|x64
		{E1642332-E295-4A88-845E-A4A96C9CA075}.Release|x86.ActiveCfg = Release|Win32
		{E1642332-E295-4A88-845E-A4A96C9CA075}.Release|x86.Build.0 = Release|Win32
		{F7724EFE-A410-4687-A2DB-C214088857A4}.Debug|x64.ActiveCfg = Debug|x64
		{F7724EFE-A410-4687-A2DB-C214088857A4}.Debug|x64.Build.0 = Debug|x64
		{F7724EFE-A410-4687-A2DB-C214088857A4}.Debug|x86.ActiveCfg = Debug|Win32
		{F7724EFE-A410-4687-A2DB-C214088857A4}.Debug|x86.Build.0 = Debug|Win32
		{F7724EFE-A410-4687-A2DB-C214088857A4}.Release|x64.ActiveCfg = Release|x64
		{F7724EFE-A410-4687-A2DB-C214088857A4}.Release|x64.Build.0 = Release|x64
		{F7724EFE-A410-4687-A2DB-C214088857A4}.Release|x86.ActiveCfg = Release|Win32
		{F7724EFE-A410-4687-A2DB-C214088857A4}.Release|x86.Build.0 = Release|Win32
	EndGlobalSection
	GlobalSection(SolutionProperties) = preSolution
		HideSolutionNode = FALSE
	EndGlobalSection
	GlobalSection(ExtensibilityGlobals) = postSolution
		SolutionGuid = {F5308D07-BDF8-4C73-8671-99F8BD10A7B1}
	EndGlobalSection
EndGlobal
